
Microsoft Visual Studio Solution File, Format Version 12.00
# Visual Studio Version 17
VisualStudioVersion = 17.7.34031.279
MinimumVisualStudioVersion = 10.0.40219.1
Project("{9A19103F-16F7-4668-BE54-9A1E7A4F7556}") = "ProgressTracker", "ProgressTracker.csproj", "{FE0AC1F0-AFC6-4AE5-9EB7-037AD60CF5C1}"
EndProject
Project("{FAE04EC0-301F-11D3-BF4B-00C04F79EFBC}") = "ProgressTrackerUnitTesting", "..\ProgressTrackerUnitTesting\ProgressTrackerUnitTesting.csproj", "{DFC14ED7-173D-4346-B7DD-8A7F5DD681E8}"
EndProject
Global
	GlobalSection(SolutionConfigurationPlatforms) = preSolution
		Debug|Any CPU = Debug|Any CPU
		Release|Any CPU = Release|Any CPU
	EndGlobalSection
	GlobalSection(ProjectConfigurationPlatforms) = postSolution
		{FE0AC1F0-AFC6-4AE5-9EB7-037AD60CF5C1}.Debug|Any CPU.ActiveCfg = Debug|Any CPU
		{FE0AC1F0-AFC6-4AE5-9EB7-037AD60CF5C1}.Debug|Any CPU.Build.0 = Debug|Any CPU
		{FE0AC1F0-AFC6-4AE5-9EB7-037AD60CF5C1}.Release|Any CPU.ActiveCfg = Release|Any CPU
		{FE0AC1F0-AFC6-4AE5-9EB7-037AD60CF5C1}.Release|Any CPU.Build.0 = Release|Any CPU
		{DFC14ED7-173D-4346-B7DD-8A7F5DD681E8}.Debug|Any CPU.ActiveCfg = Debug|Any CPU
		{DFC14ED7-173D-4346-B7DD-8A7F5DD681E8}.Debug|Any CPU.Build.0 = Debug|Any CPU
		{DFC14ED7-173D-4346-B7DD-8A7F5DD681E8}.Release|Any CPU.ActiveCfg = Release|Any CPU
		{DFC14ED7-173D-4346-B7DD-8A7F5DD681E8}.Release|Any CPU.Build.0 = Release|Any CPU
	EndGlobalSection
	GlobalSection(SolutionProperties) = preSolution
		HideSolutionNode = FALSE
	EndGlobalSection
	GlobalSection(ExtensibilityGlobals) = postSolution
		SolutionGuid = {426839F7-3642-4298-9578-509664267E39}
	EndGlobalSection
EndGlobal
